{
  "nodes": {
    "fenix": {
      "inputs": {
        "nixpkgs": [
          "nixpkgs"
        ],
        "rust-analyzer-src": "rust-analyzer-src"
      },
      "locked": {
        "lastModified": 1655619932,
        "narHash": "sha256-/7L0/ymVXGL0FrQNLAP2P1Ch22RR0kt0N6jfdjm+WVc=",
        "owner": "nix-community",
        "repo": "fenix",
        "rev": "55987185def5cf3afc616d38907406293a170cfe",
        "type": "github"
      },
      "original": {
        "owner": "nix-community",
        "repo": "fenix",
        "type": "github"
      }
    },
    "nixpkgs": {
      "locked": {
        "lastModified": 1655456688,
        "narHash": "sha256-j2trI5gv2fnHdfUQFBy957avCPxxzCqE8R+TOYHPSRE=",
        "owner": "NixOS",
        "repo": "nixpkgs",
        "rev": "d17a56d90ecbd1b8fc908d49598fb854ef188461",
        "type": "github"
      },
      "original": {
        "id": "nixpkgs",
        "ref": "nixos-22.05",
        "type": "indirect"
      }
    },
    "root": {
      "inputs": {
        "fenix": "fenix",
        "nixpkgs": "nixpkgs",
        "utils": "utils"
      }
    },
    "rust-analyzer-src": {
      "flake": false,
      "locked": {
        "lastModified": 1655591884,
        "narHash": "sha256-eBjsdPC5vudbUv4/i7AAggrrTATnCTzMfQetCiJndaQ=",
        "owner": "rust-lang",
        "repo": "rust-analyzer",
        "rev": "eb9b36075272013984ac5d27128e87a714b90c9a",
        "type": "github"
      },
      "original": {
        "owner": "rust-lang",
        "ref": "nightly",
        "repo": "rust-analyzer",
        "type": "github"
      }
    },
    "utils": {
      "locked": {
        "lastModified": 1653893745,
        "narHash": "sha256-0jntwV3Z8//YwuOjzhV2sgJJPt+HY6KhU7VZUL0fKZQ=",
        "owner": "numtide",
        "repo": "flake-utils",
        "rev": "1ed9fb1935d260de5fe1c2f7ee0ebaae17ed2fa1",
        "type": "github"
      },
      "original": {
        "owner": "numtide",
        "repo": "flake-utils",
        "type": "github"
      }
    }
  },
  "root": "root",
  "version": 7
}
